
Microsoft Visual Studio Solution File, Format Version 12.00
Project("{FAE04EC0-301F-11D3-BF4B-00C04F79EFBC}") = "AnalysisOfTextFiles", "AnalysisOfTextFiles\AnalysisOfTextFiles.csproj", "{09CAA9DB-0404-46B8-AA24-80DBCF9502EB}"
EndProject
Global
	GlobalSection(SolutionConfigurationPlatforms) = preSolution
		Debug|Any CPU = Debug|Any CPU
		Release|Any CPU = Release|Any CPU
	EndGlobalSection
	GlobalSection(ProjectConfigurationPlatforms) = postSolution
		{09CAA9DB-0404-46B8-AA24-80DBCF9502EB}.Debug|Any CPU.ActiveCfg = Debug|Any CPU
		{09CAA9DB-0404-46B8-AA24-80DBCF9502EB}.Debug|Any CPU.Build.0 = Debug|Any CPU
		{09CAA9DB-0404-46B8-AA24-80DBCF9502EB}.Release|Any CPU.ActiveCfg = Release|Any CPU
		{09CAA9DB-0404-46B8-AA24-80DBCF9502EB}.Release|Any CPU.Build.0 = Release|Any CPU
	EndGlobalSection
EndGlobal
